
Microsoft Visual Studio Solution File, Format Version 12.00
# Visual Studio Version 16
VisualStudioVersion = 16.0.30114.105
MinimumVisualStudioVersion = 10.0.40219.1
Project("{FAE04EC0-301F-11D3-BF4B-00C04F79EFBC}") = "Prueba_Finaktiva", "Prueba_Finaktiva\Prueba_Finaktiva.csproj", "{A0C4933C-3718-48AE-8367-2294D1809FCD}"
EndProject
Global
	GlobalSection(SolutionConfigurationPlatforms) = preSolution
		Debug|Any CPU = Debug|Any CPU
		Release|Any CPU = Release|Any CPU
	EndGlobalSection
	GlobalSection(ProjectConfigurationPlatforms) = postSolution
		{A0C4933C-3718-48AE-8367-2294D1809FCD}.Debug|Any CPU.ActiveCfg = Debug|Any CPU
		{A0C4933C-3718-48AE-8367-2294D1809FCD}.Debug|Any CPU.Build.0 = Debug|Any CPU
		{A0C4933C-3718-48AE-8367-2294D1809FCD}.Release|Any CPU.ActiveCfg = Release|Any CPU
		{A0C4933C-3718-48AE-8367-2294D1809FCD}.Release|Any CPU.Build.0 = Release|Any CPU
	EndGlobalSection
	GlobalSection(SolutionProperties) = preSolution
		HideSolutionNode = FALSE
	EndGlobalSection
	GlobalSection(ExtensibilityGlobals) = postSolution
		SolutionGuid = {440F5399-CD07-4B59-AC6C-485116274AF8}
	EndGlobalSection
EndGlobal
